
Microsoft Visual Studio Solution File, Format Version 12.00
# Visual Studio 2015
Project("{FAE04EC0-301F-11D3-BF4B-00C04F79EFBC}") = "Blinn-PhongFallback", "Blinn-PhongFallback.csproj", "{F1833D9C-B729-1379-F8FD-57C849363C40}"
EndProject
Project("{FAE04EC0-301F-11D3-BF4B-00C04F79EFBC}") = "Blinn-PhongFallback.Editor", "Blinn-PhongFallback.Editor.csproj", "{97223BD9-694E-D120-7C26-A4C7C116E74B}"
EndProject
Global
	GlobalSection(SolutionConfigurationPlatforms) = preSolution
		Debug|Any CPU = Debug|Any CPU
		Release|Any CPU = Release|Any CPU
	EndGlobalSection
	GlobalSection(ProjectConfigurationPlatforms) = postSolution
		{F1833D9C-B729-1379-F8FD-57C849363C40}.Debug|Any CPU.ActiveCfg = Debug|Any CPU
		{F1833D9C-B729-1379-F8FD-57C849363C40}.Debug|Any CPU.Build.0 = Debug|Any CPU
		{F1833D9C-B729-1379-F8FD-57C849363C40}.Release|Any CPU.ActiveCfg = Release|Any CPU
		{F1833D9C-B729-1379-F8FD-57C849363C40}.Release|Any CPU.Build.0 = Release|Any CPU
		{97223BD9-694E-D120-7C26-A4C7C116E74B}.Debug|Any CPU.ActiveCfg = Debug|Any CPU
		{97223BD9-694E-D120-7C26-A4C7C116E74B}.Debug|Any CPU.Build.0 = Debug|Any CPU
		{97223BD9-694E-D120-7C26-A4C7C116E74B}.Release|Any CPU.ActiveCfg = Release|Any CPU
		{97223BD9-694E-D120-7C26-A4C7C116E74B}.Release|Any CPU.Build.0 = Release|Any CPU
	EndGlobalSection
	GlobalSection(SolutionProperties) = preSolution
		HideSolutionNode = FALSE
	EndGlobalSection
EndGlobal
